// !$*UTF8*$!
{
	archiveVersion = 1;
	classes = {
	};
	objectVersion = 46;
	objects = {

/* Begin PBXBuildFile section */
		4D83430F1ADD0C4400482518 /* main.m in Sources */ = {isa = PBXBuildFile; fileRef = 4D83430E1ADD0C4400482518 /* main.m */; };
		4D8343121ADD0C4400482518 /* AppDelegate.m in Sources */ = {isa = PBXBuildFile; fileRef = 4D8343111ADD0C4400482518 /* AppDelegate.m */; };
		4D8343151ADD0C4400482518 /* ViewController.m in Sources */ = {isa = PBXBuildFile; fileRef = 4D8343141ADD0C4400482518 /* ViewController.m */; };
		4D8343181ADD0C4400482518 /* Main.storyboard in Resources */ = {isa = PBXBuildFile; fileRef = 4D8343161ADD0C4400482518 /* Main.storyboard */; };
		4D83431A1ADD0C4400482518 /* Images.xcassets in Resources */ = {isa = PBXBuildFile; fileRef = 4D8343191ADD0C4400482518 /* Images.xcassets */; };
		4D83431D1ADD0C4400482518 /* LaunchScreen.xib in Resources */ = {isa = PBXBuildFile; fileRef = 4D83431B1ADD0C4400482518 /* LaunchScreen.xib */; };
		4D8343291ADD0C4400482518 /* simpleMapsTests.m in Sources */ = {isa = PBXBuildFile; fileRef = 4D8343281ADD0C4400482518 /* simpleMapsTests.m */; };
		4D8343341ADD18FB00482518 /* GoogleOpenSource.framework in Frameworks */ = {isa = PBXBuildFile; fileRef = 4D8343331ADD18FB00482518 /* GoogleOpenSource.framework */; };
		4D8343361ADD190500482518 /* GooglePlus.bundle in Resources */ = {isa = PBXBuildFile; fileRef = 4D8343351ADD190500482518 /* GooglePlus.bundle */; };
		4D8343381ADD190A00482518 /* GooglePlus.framework in Frameworks */ = {isa = PBXBuildFile; fileRef = 4D8343371ADD190A00482518 /* GooglePlus.framework */; };
		4D83433A1ADD1B8700482518 /* Security.framework in Frameworks */ = {isa = PBXBuildFile; fileRef = 4D8343391ADD1B8700482518 /* Security.framework */; };
		4D83433C1ADD1BA700482518 /* SystemConfiguration.framework in Frameworks */ = {isa = PBXBuildFile; fileRef = 4D83433B1ADD1BA700482518 /* SystemConfiguration.framework */; };
/* End PBXBuildFile section */

/* Begin PBXContainerItemProxy section */
		4D8343231ADD0C4400482518 /* PBXContainerItemProxy */ = {
			isa = PBXContainerItemProxy;
			containerPortal = 4D8343011ADD0C4400482518 /* Project object */;
			proxyType = 1;
			remoteGlobalIDString = 4D8343081ADD0C4400482518;
			remoteInfo = simpleMaps;
		};
/* End PBXContainerItemProxy section */

/* Begin PBXFileReference section */
		4D8343091ADD0C4400482518 /* simpleMaps.app */ = {isa = PBXFileReference; explicitFileType = wrapper.application; includeInIndex = 0; path = simpleMaps.app; sourceTree = BUILT_PRODUCTS_DIR; };
		4D83430D1ADD0C4400482518 /* Info.plist */ = {isa = PBXFileReference; lastKnownFileType = text.plist.xml; path = Info.plist; sourceTree = "<group>"; };
		4D83430E1ADD0C4400482518 /* main.m */ = {isa = PBXFileReference; lastKnownFileType = sourcecode.c.objc; path = main.m; sourceTree = "<group>"; };
		4D8343101ADD0C4400482518 /* AppDelegate.h */ = {isa = PBXFileReference; lastKnownFileType = sourcecode.c.h; path = AppDelegate.h; sourceTree = "<group>"; };
		4D8343111ADD0C4400482518 /* AppDelegate.m */ = {isa = PBXFileReference; lastKnownFileType = sourcecode.c.objc; path = AppDelegate.m; sourceTree = "<group>"; };
		4D8343131ADD0C4400482518 /* ViewController.h */ = {isa = PBXFileReference; lastKnownFileType = sourcecode.c.h; path = ViewController.h; sourceTree = "<group>"; };
		4D8343141ADD0C4400482518 /* ViewController.m */ = {isa = PBXFileReference; lastKnownFileType = sourcecode.c.objc; path = ViewController.m; sourceTree = "<group>"; };
		4D8343171ADD0C4400482518 /* Base */ = {isa = PBXFileReference; lastKnownFileType = file.storyboard; name = Base; path = Base.lproj/Main.storyboard; sourceTree = "<group>"; };
		4D8343191ADD0C4400482518 /* Images.xcassets */ = {isa = PBXFileReference; lastKnownFileType = folder.assetcatalog; path = Images.xcassets; sourceTree = "<group>"; };
		4D83431C1ADD0C4400482518 /* Base */ = {isa = PBXFileReference; lastKnownFileType = file.xib; name = Base; path = Base.lproj/LaunchScreen.xib; sourceTree = "<group>"; };
		4D8343221ADD0C4400482518 /* simpleMapsTests.xctest */ = {isa = PBXFileReference; explicitFileType = wrapper.cfbundle; includeInIndex = 0; path = simpleMapsTests.xctest; sourceTree = BUILT_PRODUCTS_DIR; };
		4D8343271ADD0C4400482518 /* Info.plist */ = {isa = PBXFileReference; lastKnownFileType = text.plist.xml; path = Info.plist; sourceTree = "<group>"; };
		4D8343281ADD0C4400482518 /* simpleMapsTests.m */ = {isa = PBXFileReference; lastKnownFileType = sourcecode.c.objc; path = simpleMapsTests.m; sourceTree = "<group>"; };
		4D8343331ADD18FB00482518 /* GoogleOpenSource.framework */ = {isa = PBXFileReference; lastKnownFileType = wrapper.framework; path = GoogleOpenSource.framework; sourceTree = "<group>"; };
		4D8343351ADD190500482518 /* GooglePlus.bundle */ = {isa = PBXFileReference; lastKnownFileType = "wrapper.plug-in"; path = GooglePlus.bundle; sourceTree = "<group>"; };
		4D8343371ADD190A00482518 /* GooglePlus.framework */ = {isa = PBXFileReference; lastKnownFileType = wrapper.framework; path = GooglePlus.framework; sourceTree = "<group>"; };
		4D8343391ADD1B8700482518 /* Security.framework */ = {isa = PBXFileReference; lastKnownFileType = wrapper.framework; name = Security.framework; path = System/Library/Frameworks/Security.framework; sourceTree = SDKROOT; };
		4D83433B1ADD1BA700482518 /* SystemConfiguration.framework */ = {isa = PBXFileReference; lastKnownFileType = wrapper.framework; name = SystemConfiguration.framework; path = System/Library/Frameworks/SystemConfiguration.framework; sourceTree = SDKROOT; };
/* End PBXFileReference section */

/* Begin PBXFrameworksBuildPhase section */
		4D8343061ADD0C4400482518 /* Frameworks */ = {
			isa = PBXFrameworksBuildPhase;
			buildActionMask = 2147483647;
			files = (
				4D83433C1ADD1BA700482518 /* SystemConfiguration.framework in Frameworks */,
				4D83433A1ADD1B8700482518 /* Security.framework in Frameworks */,
				4D8343341ADD18FB00482518 /* GoogleOpenSource.framework in Frameworks */,
				4D8343381ADD190A00482518 /* GooglePlus.framework in Frameworks */,
			);
			runOnlyForDeploymentPostprocessing = 0;
		};
		4D83431F1ADD0C4400482518 /* Frameworks */ = {
			isa = PBXFrameworksBuildPhase;
			buildActionMask = 2147483647;
			files = (
			);
			runOnlyForDeploymentPostprocessing = 0;
		};
/* End PBXFrameworksBuildPhase section */

/* Begin PBXGroup section */
		4D8343001ADD0C4400482518 = {
			isa = PBXGroup;
			children = (
				4D83433B1ADD1BA700482518 /* SystemConfiguration.framework */,
				4D8343391ADD1B8700482518 /* Security.framework */,
				4D83430B1ADD0C4400482518 /* simpleMaps */,
				4D8343251ADD0C4400482518 /* simpleMapsTests */,
				4D83430A1ADD0C4400482518 /* Products */,
			);
			sourceTree = "<group>";
		};
		4D83430A1ADD0C4400482518 /* Products */ = {
			isa = PBXGroup;
			children = (
				4D8343091ADD0C4400482518 /* simpleMaps.app */,
				4D8343221ADD0C4400482518 /* simpleMapsTests.xctest */,
			);
			name = Products;
			sourceTree = "<group>";
		};
		4D83430B1ADD0C4400482518 /* simpleMaps */ = {
			isa = PBXGroup;
			children = (
				4D8343101ADD0C4400482518 /* AppDelegate.h */,
				4D8343111ADD0C4400482518 /* AppDelegate.m */,
				4D8343131ADD0C4400482518 /* ViewController.h */,
				4D8343141ADD0C4400482518 /* ViewController.m */,
				4D8343161ADD0C4400482518 /* Main.storyboard */,
				4D8343191ADD0C4400482518 /* Images.xcassets */,
				4D83431B1ADD0C4400482518 /* LaunchScreen.xib */,
				4D8343321ADD18EA00482518 /* New Group */,
				4D83430C1ADD0C4400482518 /* Supporting Files */,
			);
			path = simpleMaps;
			sourceTree = "<group>";
		};
		4D83430C1ADD0C4400482518 /* Supporting Files */ = {
			isa = PBXGroup;
			children = (
				4D83430D1ADD0C4400482518 /* Info.plist */,
				4D83430E1ADD0C4400482518 /* main.m */,
			);
			name = "Supporting Files";
			sourceTree = "<group>";
		};
		4D8343251ADD0C4400482518 /* simpleMapsTests */ = {
			isa = PBXGroup;
			children = (
				4D8343281ADD0C4400482518 /* simpleMapsTests.m */,
				4D8343261ADD0C4400482518 /* Supporting Files */,
			);
			path = simpleMapsTests;
			sourceTree = "<group>";
		};
		4D8343261ADD0C4400482518 /* Supporting Files */ = {
			isa = PBXGroup;
			children = (
				4D8343271ADD0C4400482518 /* Info.plist */,
			);
			name = "Supporting Files";
			sourceTree = "<group>";
		};
		4D8343321ADD18EA00482518 /* New Group */ = {
			isa = PBXGroup;
			children = (
				4D8343371ADD190A00482518 /* GooglePlus.framework */,
				4D8343351ADD190500482518 /* GooglePlus.bundle */,
				4D8343331ADD18FB00482518 /* GoogleOpenSource.framework */,
			);
			name = "New Group";
			sourceTree = "<group>";
		};
/* End PBXGroup section */

/* Begin PBXNativeTarget section */
		4D8343081ADD0C4400482518 /* simpleMaps */ = {
			isa = PBXNativeTarget;
			buildConfigurationList = 4D83432C1ADD0C4400482518 /* Build configuration list for PBXNativeTarget "simpleMaps" */;
			buildPhases = (
				4D8343051ADD0C4400482518 /* Sources */,
				4D8343061ADD0C4400482518 /* Frameworks */,
				4D8343071ADD0C4400482518 /* Resources */,
			);
			buildRules = (
			);
			dependencies = (
			);
			name = simpleMaps;
			productName = simpleMaps;
			productReference = 4D8343091ADD0C4400482518 /* simpleMaps.app */;
			productType = "com.apple.product-type.application";
		};
		4D8343211ADD0C4400482518 /* simpleMapsTests */ = {
			isa = PBXNativeTarget;
			buildConfigurationList = 4D83432F1ADD0C4400482518 /* Build configuration list for PBXNativeTarget "simpleMapsTests" */;
			buildPhases = (
				4D83431E1ADD0C4400482518 /* Sources */,
				4D83431F1ADD0C4400482518 /* Frameworks */,
				4D8343201ADD0C4400482518 /* Resources */,
			);
			buildRules = (
			);
			dependencies = (
				4D8343241ADD0C4400482518 /* PBXTargetDependency */,
			);
			name = simpleMapsTests;
			productName = simpleMapsTests;
			productReference = 4D8343221ADD0C4400482518 /* simpleMapsTests.xctest */;
			productType = "com.apple.product-type.bundle.unit-test";
		};
/* End PBXNativeTarget section */

/* Begin PBXProject section */
		4D8343011ADD0C4400482518 /* Project object */ = {
			isa = PBXProject;
			attributes = {
				LastUpgradeCheck = 0620;
				ORGANIZATIONNAME = Riyaz;
				TargetAttributes = {
					4D8343081ADD0C4400482518 = {
						CreatedOnToolsVersion = 6.2;
					};
					4D8343211ADD0C4400482518 = {
						CreatedOnToolsVersion = 6.2;
						TestTargetID = 4D8343081ADD0C4400482518;
					};
				};
			};
			buildConfigurationList = 4D8343041ADD0C4400482518 /* Build configuration list for PBXProject "simpleMaps" */;
			compatibilityVersion = "Xcode 3.2";
			developmentRegion = English;
			hasScannedForEncodings = 0;
			knownRegions = (
				en,
				Base,
			);
			mainGroup = 4D8343001ADD0C4400482518;
			productRefGroup = 4D83430A1ADD0C4400482518 /* Products */;
			projectDirPath = "";
			projectRoot = "";
			targets = (
				4D8343081ADD0C4400482518 /* simpleMaps */,
				4D8343211ADD0C4400482518 /* simpleMapsTests */,
			);
		};
/* End PBXProject section */

/* Begin PBXResourcesBuildPhase section */
		4D8343071ADD0C4400482518 /* Resources */ = {
			isa = PBXResourcesBuildPhase;
			buildActionMask = 2147483647;
			files = (
				4D8343181ADD0C4400482518 /* Main.storyboard in Resources */,
				4D83431D1ADD0C4400482518 /* LaunchScreen.xib in Resources */,
				4D8343361ADD190500482518 /* GooglePlus.bundle in Resources */,
				4D83431A1ADD0C4400482518 /* Images.xcassets in Resources */,
			);
			runOnlyForDeploymentPostprocessing = 0;
		};
		4D8343201ADD0C4400482518 /* Resources */ = {
			isa = PBXResourcesBuildPhase;
			buildActionMask = 2147483647;
			files = (
			);
			runOnlyForDeploymentPostprocessing = 0;
		};
/* End PBXResourcesBuildPhase section */

/* Begin PBXSourcesBuildPhase section */
		4D8343051ADD0C4400482518 /* Sources */ = {
			isa = PBXSourcesBuildPhase;
			buildActionMask = 2147483647;
			files = (
				4D8343151ADD0C4400482518 /* ViewController.m in Sources */,
				4D8343121ADD0C4400482518 /* AppDelegate.m in Sources */,
				4D83430F1ADD0C4400482518 /* main.m in Sources */,
			);
			runOnlyForDeploymentPostprocessing = 0;
		};
		4D83431E1ADD0C4400482518 /* Sources */ = {
			isa = PBXSourcesBuildPhase;
			buildActionMask = 2147483647;
			files = (
				4D8343291ADD0C4400482518 /* simpleMapsTests.m in Sources */,
			);
			runOnlyForDeploymentPostprocessing = 0;
		};
/* End PBXSourcesBuildPhase section */

/* Begin PBXTargetDependency section */
		4D8343241ADD0C4400482518 /* PBXTargetDependency */ = {
			isa = PBXTargetDependency;
			target = 4D8343081ADD0C4400482518 /* simpleMaps */;
			targetProxy = 4D8343231ADD0C4400482518 /* PBXContainerItemProxy */;
		};
/* End PBXTargetDependency section */

/* Begin PBXVariantGroup section */
		4D8343161ADD0C4400482518 /* Main.storyboard */ = {
			isa = PBXVariantGroup;
			children = (
				4D8343171ADD0C4400482518 /* Base */,
			);
			name = Main.storyboard;
			sourceTree = "<group>";
		};
		4D83431B1ADD0C4400482518 /* LaunchScreen.xib */ = {
			isa = PBXVariantGroup;
			children = (
				4D83431C1ADD0C4400482518 /* Base */,
			);
			name = LaunchScreen.xib;
			sourceTree = "<group>";
		};
/* End PBXVariantGroup section */

/* Begin XCBuildConfiguration section */
		4D83432A1ADD0C4400482518 /* Debug */ = {
			isa = XCBuildConfiguration;
			buildSettings = {
				ALWAYS_SEARCH_USER_PATHS = NO;
				CLANG_CXX_LANGUAGE_STANDARD = "gnu++0x";
				CLANG_CXX_LIBRARY = "libc++";
				CLANG_ENABLE_MODULES = YES;
				CLANG_ENABLE_OBJC_ARC = YES;
				CLANG_WARN_BOOL_CONVERSION = YES;
				CLANG_WARN_CONSTANT_CONVERSION = YES;
				CLANG_WARN_DIRECT_OBJC_ISA_USAGE = YES_ERROR;
				CLANG_WARN_EMPTY_BODY = YES;
				CLANG_WARN_ENUM_CONVERSION = YES;
				CLANG_WARN_INT_CONVERSION = YES;
				CLANG_WARN_OBJC_ROOT_CLASS = YES_ERROR;
				CLANG_WARN_UNREACHABLE_CODE = YES;
				CLANG_WARN__DUPLICATE_METHOD_MATCH = YES;
				"CODE_SIGN_IDENTITY[sdk=iphoneos*]" = "iPhone Developer";
				COPY_PHASE_STRIP = NO;
				ENABLE_STRICT_OBJC_MSGSEND = YES;
				GCC_C_LANGUAGE_STANDARD = gnu99;
				GCC_DYNAMIC_NO_PIC = NO;
				GCC_OPTIMIZATION_LEVEL = 0;
				GCC_PREPROCESSOR_DEFINITIONS = (
					"DEBUG=1",
					"$(inherited)",
				);
				GCC_SYMBOLS_PRIVATE_EXTERN = NO;
				GCC_WARN_64_TO_32_BIT_CONVERSION = YES;
				GCC_WARN_ABOUT_RETURN_TYPE = YES_ERROR;
				GCC_WARN_UNDECLARED_SELECTOR = YES;
				GCC_WARN_UNINITIALIZED_AUTOS = YES_AGGRESSIVE;
				GCC_WARN_UNUSED_FUNCTION = YES;
				GCC_WARN_UNUSED_VARIABLE = YES;
				IPHONEOS_DEPLOYMENT_TARGET = 8.2;
				MTL_ENABLE_DEBUG_INFO = YES;
				ONLY_ACTIVE_ARCH = YES;
				SDKROOT = iphoneos;
				TARGETED_DEVICE_FAMILY = "1,2";
			};
			name = Debug;
		};
		4D83432B1ADD0C4400482518 /* Release */ = {
			isa = XCBuildConfiguration;
			buildSettings = {
				ALWAYS_SEARCH_USER_PATHS = NO;
				CLANG_CXX_LANGUAGE_STANDARD = "gnu++0x";
				CLANG_CXX_LIBRARY = "libc++";
				CLANG_ENABLE_MODULES = YES;
				CLANG_ENABLE_OBJC_ARC = YES;
				CLANG_WARN_BOOL_CONVERSION = YES;
				CLANG_WARN_CONSTANT_CONVERSION = YES;
				CLANG_WARN_DIRECT_OBJC_ISA_USAGE = YES_ERROR;
				CLANG_WARN_EMPTY_BODY = YES;
				CLANG_WARN_ENUM_CONVERSION = YES;
				CLANG_WARN_INT_CONVERSION = YES;
				CLANG_WARN_OBJC_ROOT_CLASS = YES_ERROR;
				CLANG_WARN_UNREACHABLE_CODE = YES;
				CLANG_WARN__DUPLICATE_METHOD_MATCH = YES;
				"CODE_SIGN_IDENTITY[sdk=iphoneos*]" = "iPhone Developer";
				COPY_PHASE_STRIP = NO;
				ENABLE_NS_ASSERTIONS = NO;
				ENABLE_STRICT_OBJC_MSGSEND = YES;
				GCC_C_LANGUAGE_STANDARD = gnu99;
				GCC_WARN_64_TO_32_BIT_CONVERSION = YES;
				GCC_WARN_ABOUT_RETURN_TYPE = YES_ERROR;
				GCC_WARN_UNDECLARED_SELECTOR = YES;
				GCC_WARN_UNINITIALIZED_AUTOS = YES_AGGRESSIVE;
				GCC_WARN_UNUSED_FUNCTION = YES;
				GCC_WARN_UNUSED_VARIABLE = YES;
				IPHONEOS_DEPLOYMENT_TARGET = 8.2;
				MTL_ENABLE_DEBUG_INFO = NO;
				SDKROOT = iphoneos;
				TARGETED_DEVICE_FAMILY = "1,2";
				VALIDATE_PRODUCT = YES;
			};
			name = Release;
		};
		4D83432D1ADD0C4400482518 /* Debug */ = {
			isa = XCBuildConfiguration;
			buildSettings = {
				ASSETCATALOG_COMPILER_APPICON_NAME = AppIcon;
				FRAMEWORK_SEARCH_PATHS = (
					"$(inherited)",
					"$(PROJECT_DIR)/simpleMaps",
				);
				INFOPLIST_FILE = simpleMaps/Info.plist;
				LD_RUNPATH_SEARCH_PATHS = "$(inherited) @executable_path/Frameworks";
				PRODUCT_NAME = "$(TARGET_NAME)";
			};
			name = Debug;
		};
		4D83432E1ADD0C4400482518 /* Release */ = {
			isa = XCBuildConfiguration;
			buildSettings = {
				ASSETCATALOG_COMPILER_APPICON_NAME = AppIcon;
				FRAMEWORK_SEARCH_PATHS = (
					"$(inherited)",
					"$(PROJECT_DIR)/simpleMaps",
				);
				INFOPLIST_FILE = simpleMaps/Info.plist;
				LD_RUNPATH_SEARCH_PATHS = "$(inherited) @executable_path/Frameworks";
				PRODUCT_NAME = "$(TARGET_NAME)";
			};
			name = Release;
		};
		4D8343301ADD0C4400482518 /* Debug */ = {
			isa = XCBuildConfiguration;
			buildSettings = {
				BUNDLE_LOADER = "$(TEST_HOST)";
				FRAMEWORK_SEARCH_PATHS = (
					"$(SDKROOT)/Developer/Library/Frameworks",
					"$(inherited)",
				);
				GCC_PREPROCESSOR_DEFINITIONS = (
					"DEBUG=1",
					"$(inherited)",
				);
				INFOPLIST_FILE = simpleMapsTests/Info.plist;
				LD_RUNPATH_SEARCH_PATHS = "$(inherited) @executable_path/Frameworks @loader_path/Frameworks";
				PRODUCT_NAME = "$(TARGET_NAME)";
				TEST_HOST = "$(BUILT_PRODUCTS_DIR)/simpleMaps.app/simpleMaps";
			};
			name = Debug;
		};
		4D8343311ADD0C4400482518 /* Release */ = {
			isa = XCBuildConfiguration;
			buildSettings = {
				BUNDLE_LOADER = "$(TEST_HOST)";
				FRAMEWORK_SEARCH_PATHS = (
					"$(SDKROOT)/Developer/Library/Frameworks",
					"$(inherited)",
				);
				INFOPLIST_FILE = simpleMapsTests/Info.plist;
				LD_RUNPATH_SEARCH_PATHS = "$(inherited) @executable_path/Frameworks @loader_path/Frameworks";
				PRODUCT_NAME = "$(TARGET_NAME)";
				TEST_HOST = "$(BUILT_PRODUCTS_DIR)/simpleMaps.app/simpleMaps";
			};
			name = Release;
		};
/* End XCBuildConfiguration section */

/* Begin XCConfigurationList section */
		4D8343041ADD0C4400482518 /* Build configuration list for PBXProject "simpleMaps" */ = {
			isa = XCConfigurationList;
			buildConfigurations = (
				4D83432A1ADD0C4400482518 /* Debug */,
				4D83432B1ADD0C4400482518 /* Release */,
			);
			defaultConfigurationIsVisible = 0;
			defaultConfigurationName = Release;
		};
		4D83432C1ADD0C4400482518 /* Build configuration list for PBXNativeTarget "simpleMaps" */ = {
			isa = XCConfigurationList;
			buildConfigurations = (
				4D83432D1ADD0C4400482518 /* Debug */,
				4D83432E1ADD0C4400482518 /* Release */,
			);
			defaultConfigurationIsVisible = 0;
		};
		4D83432F1ADD0C4400482518 /* Build configuration list for PBXNativeTarget "simpleMapsTests" */ = {
			isa = XCConfigurationList;
			buildConfigurations = (
				4D8343301ADD0C4400482518 /* Debug */,
				4D8343311ADD0C4400482518 /* Release */,
			);
			defaultConfigurationIsVisible = 0;
		};
/* End XCConfigurationList section */
	};
	rootObject = 4D8343011ADD0C4400482518 /* Project object */;
}
